# This file is automatically @generated by Poetry 2.1.2 and should not be changed by hand.

[[package]]
name = "cached-property"
version = "2.0.1"
description = "A decorator for caching properties in classes."
optional = false
python-versions = ">=3.8"
groups = ["main"]
files = [
    {file = "cached_property-2.0.1-py3-none-any.whl", hash = "sha256:f617d70ab1100b7bcf6e42228f9ddcb78c676ffa167278d9f730d1c2fba69ccb"},
    {file = "cached_property-2.0.1.tar.gz", hash = "sha256:484d617105e3ee0e4f1f58725e72a8ef9e93deee462222dbd51cd91230897641"},
]

[package.source]
type = "legacy"
url = "https://pypi.pacificclimate.org/simple"
reference = "pcic"

[[package]]
name = "certifi"
version = "2025.1.31"
description = "Python package for providing Mozilla's CA Bundle."
optional = false
python-versions = ">=3.6"
groups = ["main"]
files = [
    {file = "certifi-2025.1.31-py3-none-any.whl", hash = "sha256:ca78db4565a652026a4db2bcdf68f2fb589ea80d0be70e03929ed730746b84fe"},
    {file = "certifi-2025.1.31.tar.gz", hash = "sha256:3d5da6925056f6f18f119200434a4780a94263f10d1c21d032a6f6b2baa20651"},
]

[package.source]
type = "legacy"
url = "https://pypi.pacificclimate.org/simple"
reference = "pcic"

[[package]]
name = "cftime"
version = "1.6.4.post1"
description = "Time-handling functionality from netcdf4-python"
optional = false
python-versions = ">=3.8"
groups = ["main"]
files = [
    {file = "cftime-1.6.4.post1-cp310-cp310-macosx_10_9_x86_64.whl", hash = "sha256:0baa9bc4850929da9f92c25329aa1f651e2d6f23e237504f337ee9e12a769f5d"},
    {file = "cftime-1.6.4.post1-cp310-cp310-macosx_11_0_arm64.whl", hash = "sha256:6bb6b087f4b2513c37670bccd457e2a666ca489c5f2aad6e2c0e94604dc1b5b9"},
    {file = "cftime-1.6.4.post1-cp310-cp310-manylinux_2_17_aarch64.manylinux2014_aarch64.whl", hash = "sha256:7d9bdeb9174962c9ca00015190bfd693de6b0ec3ec0b3dbc35c693a4f48efdcc"},
    {file = "cftime-1.6.4.post1-cp310-cp310-manylinux_2_17_x86_64.manylinux2014_x86_64.whl", hash = "sha256:e735cfd544878eb94d0108ff5a093bd1a332dba90f979a31a357756d609a90d5"},
    {file = "cftime-1.6.4.post1-cp310-cp310-musllinux_1_2_x86_64.whl", hash = "sha256:1dcd1b140bf50da6775c56bd7ca179e84bd258b2f159b53eefd5c514b341f2bf"},
    {file = "cftime-1.6.4.post1-cp310-cp310-win_amd64.whl", hash = "sha256:e60b8f24b20753f7548f410f7510e28b941f336f84bd34e3cfd7874af6e70281"},
    {file = "cftime-1.6.4.post1-cp311-cp311-macosx_10_9_x86_64.whl", hash = "sha256:1bf7be0a0afc87628cb8c8483412aac6e48e83877004faa0936afb5bf8a877ba"},
    {file = "cftime-1.6.4.post1-cp311-cp311-macosx_11_0_arm64.whl", hash = "sha256:0f64ca83acc4e3029f737bf3a32530ffa1fbf53124f5bee70b47548bc58671a7"},
    {file = "cftime-1.6.4.post1-cp311-cp311-manylinux_2_17_aarch64.manylinux2014_aarch64.whl", hash = "sha256:d7ebdfd81726b0cfb8b524309224fa952898dfa177c13d5f6af5b18cefbf497d"},
    {file = "cftime-1.6.4.post1-cp311-cp311-manylinux_2_17_x86_64.manylinux2014_x86_64.whl", hash = "sha256:c9ea0965a4c87739aebd84fe8eed966e5809d10065eeffd35c99c274b6f8da15"},
    {file = "cftime-1.6.4.post1-cp311-cp311-musllinux_1_2_x86_64.whl", hash = "sha256:800a18aea4e8cb2b206450397cb8a53b154798738af3cdd3c922ce1ca198b0e6"},
    {file = "cftime-1.6.4.post1-cp311-cp311-win_amd64.whl", hash = "sha256:5dcfc872f455db1f12eabe3c3ba98e93757cd60ed3526a53246e966ccde46c8a"},
    {file = "cftime-1.6.4.post1-cp312-cp312-macosx_10_13_x86_64.whl", hash = "sha256:a590f73506f4704ba5e154ef55bfbaed5e1b4ac170f3caeb8c58e4f2c619ee4e"},
    {file = "cftime-1.6.4.post1-cp312-cp312-macosx_11_0_arm64.whl", hash = "sha256:933cb10e1af4e362e77f513e3eb92b34a688729ddbf938bbdfa5ac20a7f44ba0"},
    {file = "cftime-1.6.4.post1-cp312-cp312-manylinux_2_17_aarch64.manylinux2014_aarch64.whl", hash = "sha256:cf17a1b36f62e9e73c4c9363dd811e1bbf1170f5ac26d343fb26012ccf482908"},
    {file = "cftime-1.6.4.post1-cp312-cp312-manylinux_2_17_x86_64.manylinux2014_x86_64.whl", hash = "sha256:8e18021f421aa26527bad8688c1acf0c85fa72730beb6efce969c316743294f2"},
    {file = "cftime-1.6.4.post1-cp312-cp312-musllinux_1_2_x86_64.whl", hash = "sha256:5835b9d622f9304d1c23a35603a0f068739f428d902860f25e6e7e5a1b7cd8ea"},
    {file = "cftime-1.6.4.post1-cp312-cp312-win_amd64.whl", hash = "sha256:7f50bf0d1b664924aaee636eb2933746b942417d1f8b82ab6c1f6e8ba0da6885"},
    {file = "cftime-1.6.4.post1-cp313-cp313-macosx_10_13_x86_64.whl", hash = "sha256:5c89766ebf088c097832ea618c24ed5075331f0b7bf8e9c2d4144aefbf2f1850"},
    {file = "cftime-1.6.4.post1-cp313-cp313-macosx_11_0_arm64.whl", hash = "sha256:7f27113f7ccd1ca32881fdcb9a4bec806a5f54ae621fc1c374f1171f3ed98ef2"},
    {file = "cftime-1.6.4.post1-cp313-cp313-manylinux_2_17_aarch64.manylinux2014_aarch64.whl", hash = "sha256:da367b23eea7cf4df071c88e014a1600d6c5bbf22e3393a4af409903fa397e28"},
    {file = "cftime-1.6.4.post1-cp313-cp313-manylinux_2_17_x86_64.manylinux2014_x86_64.whl", hash = "sha256:6579c5c83cdf09d73aa94c7bc34925edd93c5f2c7dd28e074f568f7e376271a0"},
    {file = "cftime-1.6.4.post1-cp313-cp313-musllinux_1_2_x86_64.whl", hash = "sha256:6b731c7133d17b479ca0c3c46a7a04f96197f0a4d753f4c2284c3ff0447279b4"},
    {file = "cftime-1.6.4.post1-cp313-cp313-win_amd64.whl", hash = "sha256:d2a8c223faea7f1248ab469cc0d7795dd46f2a423789038f439fee7190bae259"},
    {file = "cftime-1.6.4.post1-cp38-cp38-macosx_10_9_x86_64.whl", hash = "sha256:9df3e2d49e548c62d1939e923800b08d2ab732d3ac8d75b857edd7982c878552"},
    {file = "cftime-1.6.4.post1-cp38-cp38-macosx_11_0_arm64.whl", hash = "sha256:2892b7e7654142d825655f60eb66c3e1af745901890316907071d44cf9a18d8a"},
    {file = "cftime-1.6.4.post1-cp38-cp38-manylinux_2_17_aarch64.manylinux2014_aarch64.whl", hash = "sha256:a4ab54e6c04e68395d454cd4001188fc4ade2fe48035589ed65af80c4527ef08"},
    {file = "cftime-1.6.4.post1-cp38-cp38-manylinux_2_17_x86_64.manylinux2014_x86_64.whl", hash = "sha256:568b69fc52f406e361db62a4d7a219c6fb0ced138937144c3b3a511648dd6c50"},
    {file = "cftime-1.6.4.post1-cp38-cp38-win_amd64.whl", hash = "sha256:640911d2629f4a8f81f6bc0163a983b6b94f86d1007449b8cbfd926136cda253"},
    {file = "cftime-1.6.4.post1-cp39-cp39-macosx_10_9_x86_64.whl", hash = "sha256:44e9f8052600803b55f8cb6bcac2be49405c21efa900ec77a9fb7f692db2f7a6"},
    {file = "cftime-1.6.4.post1-cp39-cp39-macosx_11_0_arm64.whl", hash = "sha256:a90b6ef4a3fc65322c212a2c99cec75d1886f1ebaf0ff6189f7b327566762222"},
    {file = "cftime-1.6.4.post1-cp39-cp39-manylinux_2_17_aarch64.manylinux2014_aarch64.whl", hash = "sha256:652700130dbcca3ae36dbb5b61ff360e62aa09fabcabc42ec521091a14389901"},
    {file = "cftime-1.6.4.post1-cp39-cp39-manylinux_2_17_x86_64.manylinux2014_x86_64.whl", hash = "sha256:24a7fb6cc541a027dab37fdeb695f8a2b21cd7d200be606f81b5abc38f2391e2"},
    {file = "cftime-1.6.4.post1-cp39-cp39-musllinux_1_2_x86_64.whl", hash = "sha256:fc2c0abe2dbd147e1b1e6d0f3de19a5ea8b04956acc204830fd8418066090989"},
    {file = "cftime-1.6.4.post1-cp39-cp39-win_amd64.whl", hash = "sha256:0ee2f5af8643aa1b47b7e388763a1a6e0dc05558cd2902cffb9cbcf954397648"},
    {file = "cftime-1.6.4.post1.tar.gz", hash = "sha256:50ac76cc9f10ab7bd46e44a71c51a6927051b499b4407df4f29ab13d741b942f"},
]

[package.dependencies]
numpy = [
    {version = ">1.13.3", markers = "python_version < \"3.12.0.rc1\""},
    {version = ">=1.26.0b1", markers = "python_version >= \"3.12.0.rc1\""},
]

[package.source]
type = "legacy"
url = "https://pypi.pacificclimate.org/simple"
reference = "pcic"

[[package]]
name = "colorama"
version = "0.4.6"
description = "Cross-platform colored terminal text."
optional = false
python-versions = "!=3.0.*,!=3.1.*,!=3.2.*,!=3.3.*,!=3.4.*,!=3.5.*,!=3.6.*,>=2.7"
groups = ["main"]
markers = "sys_platform == \"win32\""
files = [
    {file = "colorama-0.4.6-py2.py3-none-any.whl", hash = "sha256:4f1d9991f5acc0ca119f9d443620b77f9d6b33703e51011c16baf57afb285fc6"},
    {file = "colorama-0.4.6.tar.gz", hash = "sha256:08695f5cb7ed6e0531a20572697297273c47b8cae5a63ffc6d6ed5c201be6e44"},
]

[package.source]
type = "legacy"
url = "https://pypi.pacificclimate.org/simple"
reference = "pcic"

[[package]]
name = "exceptiongroup"
version = "1.2.2"
description = "Backport of PEP 654 (exception groups)"
optional = false
python-versions = ">=3.7"
groups = ["main"]
markers = "python_version == \"3.10\""
files = [
    {file = "exceptiongroup-1.2.2-py3-none-any.whl", hash = "sha256:3111b9d131c238bec2f8f516e123e14ba243563fb135d3fe885990585aa7795b"},
    {file = "exceptiongroup-1.2.2.tar.gz", hash = "sha256:47c2edf7c6738fafb49fd34290706d1a1a2f4d1c6df275526b62cbb4aa5393cc"},
]

[package.extras]
test = ["pytest (>=6)"]

[package.source]
type = "legacy"
url = "https://pypi.pacificclimate.org/simple"
reference = "pcic"

[[package]]
name = "iniconfig"
version = "2.1.0"
description = "brain-dead simple config-ini parsing"
optional = false
python-versions = ">=3.8"
groups = ["main"]
files = [
    {file = "iniconfig-2.1.0-py3-none-any.whl", hash = "sha256:9deba5723312380e77435581c6bf4935c94cbfab9b1ed33ef8d238ea168eb760"},
    {file = "iniconfig-2.1.0.tar.gz", hash = "sha256:3abbd2e30b36733fee78f9c7f7308f2d0050e88f0087fd25c2645f63c773e1c7"},
]

[package.source]
type = "legacy"
url = "https://pypi.pacificclimate.org/simple"
reference = "pcic"

[[package]]
name = "netcdf4"
version = "1.7.2"
description = "Provides an object-oriented python interface to the netCDF version 4 library"
optional = false
python-versions = ">=3.8"
groups = ["main"]
files = [
    {file = "netCDF4-1.7.2-cp310-cp310-macosx_12_0_x86_64.whl", hash = "sha256:5e9b485e3bd9294d25ff7dc9addefce42b3d23c1ee7e3627605277d159819392"},
    {file = "netCDF4-1.7.2-cp310-cp310-macosx_14_0_arm64.whl", hash = "sha256:118b476fd00d7e3ab9aa7771186d547da645ae3b49c0c7bdab866793ebf22f07"},
    {file = "netCDF4-1.7.2-cp310-cp310-manylinux_2_17_aarch64.manylinux2014_aarch64.whl", hash = "sha256:abe5b1837ff209185ecfe50bd71884c866b3ee69691051833e410e57f177e059"},
    {file = "netCDF4-1.7.2-cp310-cp310-manylinux_2_17_x86_64.manylinux2014_x86_64.whl", hash = "sha256:28021c7e886e5bccf9a8ce504c032d1d7f98d86f67495fb7cf2c9564eba04510"},
    {file = "netCDF4-1.7.2-cp310-cp310-win_amd64.whl", hash = "sha256:7460b638e41c8ce4179d082a81cb6456f0ce083d4d959f4d9e87a95cd86f64cb"},
    {file = "netCDF4-1.7.2-cp311-cp311-macosx_12_0_x86_64.whl", hash = "sha256:09d61c2ddb6011afb51e77ea0f25cd0bdc28887fb426ffbbc661d920f20c9749"},
    {file = "netCDF4-1.7.2-cp311-cp311-macosx_14_0_arm64.whl", hash = "sha256:fd2a16dbddeb8fa7cf48c37bfc1967290332f2862bb82f984eec2007bb120aeb"},
    {file = "netCDF4-1.7.2-cp311-cp311-manylinux_2_17_aarch64.manylinux2014_aarch64.whl", hash = "sha256:f54f5d39ffbcf1726a1e6fd90cb5fa74277ecea739a5fa0f424636d71beafe24"},
    {file = "netCDF4-1.7.2-cp311-cp311-manylinux_2_17_x86_64.manylinux2014_x86_64.whl", hash = "sha256:902aa50d70f49d002d896212a171d344c38f7b8ca520837c56c922ac1535c4a3"},
    {file = "netCDF4-1.7.2-cp311-cp311-win_amd64.whl", hash = "sha256:3291f9ad0c98c49a4dd16aefad1a9abd3a1b884171db6c81bdcee94671cfabe3"},
    {file = "netCDF4-1.7.2-cp312-cp312-macosx_12_0_x86_64.whl", hash = "sha256:e73e3baa0b74afc414e53ff5095748fdbec7fb346eda351e567c23f2f0d247f1"},
    {file = "netCDF4-1.7.2-cp312-cp312-macosx_14_0_arm64.whl", hash = "sha256:a51da09258b31776f474c1d47e484fc7214914cdc59edf4cee789ba632184591"},
    {file = "netCDF4-1.7.2-cp312-cp312-manylinux_2_17_aarch64.manylinux2014_aarch64.whl", hash = "sha256:cb95b11804fe051897d1f2044b05d82a1847bc2549631cdd2f655dde7de77a9c"},
    {file = "netCDF4-1.7.2-cp312-cp312-manylinux_2_17_x86_64.manylinux2014_x86_64.whl", hash = "sha256:f9d8a848373723f41ef662590b4f5e1832227501c9fd4513e8ad8da58c269977"},
    {file = "netCDF4-1.7.2-cp312-cp312-win_amd64.whl", hash = "sha256:568ea369e00b581302d77fc5fd0b8f78e520c7e08d0b5af5219ba51f3f1cd694"},
    {file = "netCDF4-1.7.2-cp313-cp313-macosx_12_0_x86_64.whl", hash = "sha256:205a5f1de3ddb993c7c97fb204a923a22408cc2e5facf08d75a8eb89b3e7e1a8"},
    {file = "netCDF4-1.7.2-cp313-cp313-macosx_14_0_arm64.whl", hash = "sha256:96653fc75057df196010818367c63ba6d7e9af603df0a7fe43fcdad3fe0e9e56"},
    {file = "netCDF4-1.7.2-cp313-cp313-manylinux_2_17_aarch64.manylinux2014_aarch64.whl", hash = "sha256:30d20e56b9ba2c48884eb89c91b63e6c0612b4927881707e34402719153ef17f"},
    {file = "netCDF4-1.7.2-cp313-cp313-manylinux_2_17_x86_64.manylinux2014_x86_64.whl", hash = "sha256:8d6bfd38ba0bde04d56f06c1554714a2ea9dab75811c89450dc3ec57a9d36b80"},
    {file = "netCDF4-1.7.2-cp313-cp313-win_amd64.whl", hash = "sha256:5c5fbee6134ee1246c397e1508e5297d825aa19221fdf3fa8dc9727ad824d7a5"},
    {file = "netCDF4-1.7.2-cp38-cp38-macosx_12_0_x86_64.whl", hash = "sha256:6bf402c2c7c063474576e5cf89af877d0b0cd097d9316d5bc4fcb22b62f12567"},
    {file = "netCDF4-1.7.2-cp38-cp38-macosx_14_0_arm64.whl", hash = "sha256:5bdf3b34e6fd4210e34fdc5d1a669a22c4863d96f8a20a3928366acae7b3cbbb"},
    {file = "netCDF4-1.7.2-cp38-cp38-manylinux_2_17_aarch64.manylinux2014_aarch64.whl", hash = "sha256:657774404b9f78a5e4d26506ac9bfe106e4a37238282a70803cc7ce679c5a6cc"},
    {file = "netCDF4-1.7.2-cp38-cp38-manylinux_2_17_x86_64.manylinux2014_x86_64.whl", hash = "sha256:7e896d92f01fbf365e33e2513d5a8c4cfe16ff406aae9b6034e5ba1538c8c7a8"},
    {file = "netCDF4-1.7.2-cp39-cp39-macosx_12_0_x86_64.whl", hash = "sha256:eb87c08d1700fe67c301898cf5ba3a3e1f8f2fbb417fcd0e2ac784846b60b058"},
    {file = "netCDF4-1.7.2-cp39-cp39-macosx_14_0_arm64.whl", hash = "sha256:59b403032774c723ee749d7f2135be311bad7d00d1db284bebfab58b9d5cdb92"},
    {file = "netCDF4-1.7.2-cp39-cp39-manylinux_2_17_aarch64.manylinux2014_aarch64.whl", hash = "sha256:572f71459ef4b30e8554dcc4e1e6f55de515acc82a50968b48fe622244a64548"},
    {file = "netCDF4-1.7.2-cp39-cp39-manylinux_2_17_x86_64.manylinux2014_x86_64.whl", hash = "sha256:7f77e72281acc5f331f82271e5f7f014d46f5ca9bcaa5aafe3e46d66cee21320"},
    {file = "netCDF4-1.7.2-cp39-cp39-win_amd64.whl", hash = "sha256:d0fa7a9674fae8ae4877e813173c3ff7a6beee166b8730bdc847f517b282ed31"},
    {file = "netcdf4-1.7.2.tar.gz", hash = "sha256:a4c6375540b19989896136943abb6d44850ff6f1fa7d3f063253b1ad3f8b7fce"},
]

[package.dependencies]
certifi = "*"
cftime = "*"
numpy = "*"

[package.extras]
tests = ["Cython", "packaging", "pytest"]

[package.source]
type = "legacy"
url = "https://pypi.pacificclimate.org/simple"
reference = "pcic"

[[package]]
name = "numpy"
version = "2.2.4"
description = "Fundamental package for array computing in Python"
optional = false
python-versions = ">=3.10"
groups = ["main"]
files = [
    {file = "numpy-2.2.4-cp310-cp310-macosx_10_9_x86_64.whl", hash = "sha256:8146f3550d627252269ac42ae660281d673eb6f8b32f113538e0cc2a9aed42b9"},
    {file = "numpy-2.2.4-cp310-cp310-macosx_11_0_arm64.whl", hash = "sha256:e642d86b8f956098b564a45e6f6ce68a22c2c97a04f5acd3f221f57b8cb850ae"},
    {file = "numpy-2.2.4-cp310-cp310-macosx_14_0_arm64.whl", hash = "sha256:a84eda42bd12edc36eb5b53bbcc9b406820d3353f1994b6cfe453a33ff101775"},
    {file = "numpy-2.2.4-cp310-cp310-macosx_14_0_x86_64.whl", hash = "sha256:4ba5054787e89c59c593a4169830ab362ac2bee8a969249dc56e5d7d20ff8df9"},
    {file = "numpy-2.2.4-cp310-cp310-manylinux_2_17_aarch64.manylinux2014_aarch64.whl", hash = "sha256:7716e4a9b7af82c06a2543c53ca476fa0b57e4d760481273e09da04b74ee6ee2"},
    {file = "numpy-2.2.4-cp310-cp310-manylinux_2_17_x86_64.manylinux2014_x86_64.whl", hash = "sha256:adf8c1d66f432ce577d0197dceaac2ac00c0759f573f28516246351c58a85020"},
    {file = "numpy-2.2.4-cp310-cp310-musllinux_1_2_aarch64.whl", hash = "sha256:218f061d2faa73621fa23d6359442b0fc658d5b9a70801373625d958259eaca3"},
    {file = "numpy-2.2.4-cp310-cp310-musllinux_1_2_x86_64.whl", hash = "sha256:df2f57871a96bbc1b69733cd4c51dc33bea66146b8c63cacbfed73eec0883017"},
    {file = "numpy-2.2.4-cp310-cp310-win32.whl", hash = "sha256:a0258ad1f44f138b791327961caedffbf9612bfa504ab9597157806faa95194a"},
    {file = "numpy-2.2.4-cp310-cp310-win_amd64.whl", hash = "sha256:0d54974f9cf14acf49c60f0f7f4084b6579d24d439453d5fc5805d46a165b542"},
    {file = "numpy-2.2.4-cp311-cp311-macosx_10_9_x86_64.whl", hash = "sha256:e9e0a277bb2eb5d8a7407e14688b85fd8ad628ee4e0c7930415687b6564207a4"},
    {file = "numpy-2.2.4-cp311-cp311-macosx_11_0_arm64.whl", hash = "sha256:9eeea959168ea555e556b8188da5fa7831e21d91ce031e95ce23747b7609f8a4"},
    {file = "numpy-2.2.4-cp311-cp311-macosx_14_0_arm64.whl", hash = "sha256:bd3ad3b0a40e713fc68f99ecfd07124195333f1e689387c180813f0e94309d6f"},
    {file = "numpy-2.2.4-cp311-cp311-macosx_14_0_x86_64.whl", hash = "sha256:cf28633d64294969c019c6df4ff37f5698e8326db68cc2b66576a51fad634880"},
    {file = "numpy-2.2.4-cp311-cp311-manylinux_2_17_aarch64.manylinux2014_aarch64.whl", hash = "sha256:2fa8fa7697ad1646b5c93de1719965844e004fcad23c91228aca1cf0800044a1"},
    {file = "numpy-2.2.4-cp311-cp311-manylinux_2_17_x86_64.manylinux2014_x86_64.whl", hash = "sha256:f4162988a360a29af158aeb4a2f4f09ffed6a969c9776f8f3bdee9b06a8ab7e5"},
    {file = "numpy-2.2.4-cp311-cp311-musllinux_1_2_aarch64.whl", hash = "sha256:892c10d6a73e0f14935c31229e03325a7b3093fafd6ce0af704be7f894d95687"},
    {file = "numpy-2.2.4-cp311-cp311-musllinux_1_2_x86_64.whl", hash = "sha256:db1f1c22173ac1c58db249ae48aa7ead29f534b9a948bc56828337aa84a32ed6"},
    {file = "numpy-2.2.4-cp311-cp311-win32.whl", hash = "sha256:ea2bb7e2ae9e37d96835b3576a4fa4b3a97592fbea8ef7c3587078b0068b8f09"},
    {file = "numpy-2.2.4-cp311-cp311-win_amd64.whl", hash = "sha256:f7de08cbe5551911886d1ab60de58448c6df0f67d9feb7d1fb21e9875ef95e91"},
    {file = "numpy-2.2.4-cp312-cp312-macosx_10_13_x86_64.whl", hash = "sha256:a7b9084668aa0f64e64bd00d27ba5146ef1c3a8835f3bd912e7a9e01326804c4"},
    {file = "numpy-2.2.4-cp312-cp312-macosx_11_0_arm64.whl", hash = "sha256:dbe512c511956b893d2dacd007d955a3f03d555ae05cfa3ff1c1ff6df8851854"},
    {file = "numpy-2.2.4-cp312-cp312-macosx_14_0_arm64.whl", hash = "sha256:bb649f8b207ab07caebba230d851b579a3c8711a851d29efe15008e31bb4de24"},
    {file = "numpy-2.2.4-cp312-cp312-macosx_14_0_x86_64.whl", hash = "sha256:f34dc300df798742b3d06515aa2a0aee20941c13579d7a2f2e10af01ae4901ee"},
    {file = "numpy-2.2.4-cp312-cp312-manylinux_2_17_aarch64.manylinux2014_aarch64.whl", hash = "sha256:c3f7ac96b16955634e223b579a3e5798df59007ca43e8d451a0e6a50f6bfdfba"},
    {file = "numpy-2.2.4-cp312-cp312-manylinux_2_17_x86_64.manylinux2014_x86_64.whl", hash = "sha256:4f92084defa704deadd4e0a5ab1dc52d8ac9e8a8ef617f3fbb853e79b0ea3592"},
    {file = "numpy-2.2.4-cp312-cp312-musllinux_1_2_aarch64.whl", hash = "sha256:7a4e84a6283b36632e2a5b56e121961f6542ab886bc9e12f8f9818b3c266bfbb"},
    {file = "numpy-2.2.4-cp312-cp312-musllinux_1_2_x86_64.whl", hash = "sha256:11c43995255eb4127115956495f43e9343736edb7fcdb0d973defd9de14cd84f"},
    {file = "numpy-2.2.4-cp312-cp312-win32.whl", hash = "sha256:65ef3468b53269eb5fdb3a5c09508c032b793da03251d5f8722b1194f1790c00"},
    {file = "numpy-2.2.4-cp312-cp312-win_amd64.whl", hash = "sha256:2aad3c17ed2ff455b8eaafe06bcdae0062a1db77cb99f4b9cbb5f4ecb13c5146"},
    {file = "numpy-2.2.4-cp313-cp313-macosx_10_13_x86_64.whl", hash = "sha256:1cf4e5c6a278d620dee9ddeb487dc6a860f9b199eadeecc567f777daace1e9e7"},
    {file = "numpy-2.2.4-cp313-cp313-macosx_11_0_arm64.whl", hash = "sha256:1974afec0b479e50438fc3648974268f972e2d908ddb6d7fb634598cdb8260a0"},
    {file = "numpy-2.2.4-cp313-cp313-macosx_14_0_arm64.whl", hash = "sha256:79bd5f0a02aa16808fcbc79a9a376a147cc1045f7dfe44c6e7d53fa8b8a79392"},
    {file = "numpy-2.2.4-cp313-cp313-macosx_14_0_x86_64.whl", hash = "sha256:3387dd7232804b341165cedcb90694565a6015433ee076c6754775e85d86f1fc"},
    {file = "numpy-2.2.4-cp313-cp313-manylinux_2_17_aarch64.manylinux2014_aarch64.whl", hash = "sha256:6f527d8fdb0286fd2fd97a2a96c6be17ba4232da346931d967a0630050dfd298"},
    {file = "numpy-2.2.4-cp313-cp313-manylinux_2_17_x86_64.manylinux2014_x86_64.whl", hash = "sha256:bce43e386c16898b91e162e5baaad90c4b06f9dcbe36282490032cec98dc8ae7"},
    {file = "numpy-2.2.4-cp313-cp313-musllinux_1_2_aarch64.whl", hash = "sha256:31504f970f563d99f71a3512d0c01a645b692b12a63630d6aafa0939e52361e6"},
    {file = "numpy-2.2.4-cp313-cp313-musllinux_1_2_x86_64.whl", hash = "sha256:81413336ef121a6ba746892fad881a83351ee3e1e4011f52e97fba79233611fd"},
    {file = "numpy-2.2.4-cp313-cp313-win32.whl", hash = "sha256:f486038e44caa08dbd97275a9a35a283a8f1d2f0ee60ac260a1790e76660833c"},
    {file = "numpy-2.2.4-cp313-cp313-win_amd64.whl", hash = "sha256:207a2b8441cc8b6a2a78c9ddc64d00d20c303d79fba08c577752f080c4007ee3"},
    {file = "numpy-2.2.4-cp313-cp313t-macosx_10_13_x86_64.whl", hash = "sha256:8120575cb4882318c791f839a4fd66161a6fa46f3f0a5e613071aae35b5dd8f8"},
    {file = "numpy-2.2.4-cp313-cp313t-macosx_11_0_arm64.whl", hash = "sha256:a761ba0fa886a7bb33c6c8f6f20213735cb19642c580a931c625ee377ee8bd39"},
    {file = "numpy-2.2.4-cp313-cp313t-macosx_14_0_arm64.whl", hash = "sha256:ac0280f1ba4a4bfff363a99a6aceed4f8e123f8a9b234c89140f5e894e452ecd"},
    {file = "numpy-2.2.4-cp313-cp313t-macosx_14_0_x86_64.whl", hash = "sha256:879cf3a9a2b53a4672a168c21375166171bc3932b7e21f622201811c43cdd3b0"},
    {file = "numpy-2.2.4-cp313-cp313t-manylinux_2_17_aarch64.manylinux2014_aarch64.whl", hash = "sha256:f05d4198c1bacc9124018109c5fba2f3201dbe7ab6e92ff100494f236209c960"},
    {file = "numpy-2.2.4-cp313-cp313t-manylinux_2_17_x86_64.manylinux2014_x86_64.whl", hash = "sha256:e2f085ce2e813a50dfd0e01fbfc0c12bbe5d2063d99f8b29da30e544fb6483b8"},
    {file = "numpy-2.2.4-cp313-cp313t-musllinux_1_2_aarch64.whl", hash = "sha256:92bda934a791c01d6d9d8e038363c50918ef7c40601552a58ac84c9613a665bc"},
    {file = "numpy-2.2.4-cp313-cp313t-musllinux_1_2_x86_64.whl", hash = "sha256:ee4d528022f4c5ff67332469e10efe06a267e32f4067dc76bb7e2cddf3cd25ff"},
    {file = "numpy-2.2.4-cp313-cp313t-win32.whl", hash = "sha256:05c076d531e9998e7e694c36e8b349969c56eadd2cdcd07242958489d79a7286"},
    {file = "numpy-2.2.4-cp313-cp313t-win_amd64.whl", hash = "sha256:188dcbca89834cc2e14eb2f106c96d6d46f200fe0200310fc29089657379c58d"},
    {file = "numpy-2.2.4-pp310-pypy310_pp73-macosx_10_15_x86_64.whl", hash = "sha256:7051ee569db5fbac144335e0f3b9c2337e0c8d5c9fee015f259a5bd70772b7e8"},
    {file = "numpy-2.2.4-pp310-pypy310_pp73-macosx_14_0_x86_64.whl", hash = "sha256:ab2939cd5bec30a7430cbdb2287b63151b77cf9624de0532d629c9a1c59b1d5c"},
    {file = "numpy-2.2.4-pp310-pypy310_pp73-manylinux_2_17_x86_64.manylinux2014_x86_64.whl", hash = "sha256:d0f35b19894a9e08639fd60a1ec1978cb7f5f7f1eace62f38dd36be8aecdef4d"},
    {file = "numpy-2.2.4-pp310-pypy310_pp73-win_amd64.whl", hash = "sha256:b4adfbbc64014976d2f91084915ca4e626fbf2057fb81af209c1a6d776d23e3d"},
    {file = "numpy-2.2.4.tar.gz", hash = "sha256:9ba03692a45d3eef66559efe1d1096c4b9b75c0986b5dff5530c378fb8331d4f"},
]

[package.source]
type = "legacy"
url = "https://pypi.pacificclimate.org/simple"
reference = "pcic"

[[package]]
name = "packaging"
version = "24.2"
description = "Core utilities for Python packages"
optional = false
python-versions = ">=3.8"
groups = ["main"]
files = [
    {file = "packaging-24.2-py3-none-any.whl", hash = "sha256:09abb1bccd265c01f4a3aa3f7a7db064b36514d2cba19a2f694fe6150451a759"},
    {file = "packaging-24.2.tar.gz", hash = "sha256:c228a6dc5e932d346bc5739379109d49e8853dd8223571c7c5b55260edc0b97f"},
]

[package.source]
type = "legacy"
url = "https://pypi.pacificclimate.org/simple"
reference = "pcic"

[[package]]
name = "pluggy"
version = "1.5.0"
description = "plugin and hook calling mechanisms for python"
optional = false
python-versions = ">=3.8"
groups = ["main"]
files = [
    {file = "pluggy-1.5.0-py3-none-any.whl", hash = "sha256:44e1ad92c8ca002de6377e165f3e0f1be63266ab4d554740532335b9d75ea669"},
    {file = "pluggy-1.5.0.tar.gz", hash = "sha256:2cffa88e94fdc978c4c574f15f9e59b7f4201d439195c3715ca9e2486f1d0cf1"},
]

[package.extras]
dev = ["pre-commit", "tox"]
testing = ["pytest", "pytest-benchmark"]

[package.source]
type = "legacy"
url = "https://pypi.pacificclimate.org/simple"
reference = "pcic"

[[package]]
name = "pytest"
version = "8.3.5"
description = "pytest: simple powerful testing with Python"
optional = false
python-versions = ">=3.8"
groups = ["main"]
files = [
    {file = "pytest-8.3.5-py3-none-any.whl", hash = "sha256:c69214aa47deac29fad6c2a4f590b9c4a9fdb16a403176fe154b79c0b4d4d820"},
    {file = "pytest-8.3.5.tar.gz", hash = "sha256:f4efe70cc14e511565ac476b57c279e12a855b11f48f212af1080ef2263d3845"},
]

[package.dependencies]
colorama = {version = "*", markers = "sys_platform == \"win32\""}
exceptiongroup = {version = ">=1.0.0rc8", markers = "python_version < \"3.11\""}
iniconfig = "*"
packaging = "*"
pluggy = ">=1.5,<2"
tomli = {version = ">=1", markers = "python_version < \"3.11\""}

[package.extras]
dev = ["argcomplete", "attrs (>=19.2)", "hypothesis (>=3.56)", "mock", "pygments (>=2.7.2)", "requests", "setuptools", "xmlschema"]

[package.source]
type = "legacy"
url = "https://pypi.pacificclimate.org/simple"
reference = "pcic"

[[package]]
name = "python-dateutil"
version = "2.9.0.post0"
description = "Extensions to the standard Python datetime module"
optional = false
python-versions = "!=3.0.*,!=3.1.*,!=3.2.*,>=2.7"
groups = ["main"]
files = [
    {file = "python-dateutil-2.9.0.post0.tar.gz", hash = "sha256:37dd54208da7e1cd875388217d5e00ebd4179249f90fb72437e91a35459a0ad3"},
    {file = "python_dateutil-2.9.0.post0-py2.py3-none-any.whl", hash = "sha256:a8b2bc7bffae282281c8140a97d3aa9c14da0b136dfe83f850eea9a5f7470427"},
]

[package.dependencies]
six = ">=1.5"

[package.source]
type = "legacy"
url = "https://pypi.pacificclimate.org/simple"
reference = "pcic"

[[package]]
name = "six"
version = "1.17.0"
description = "Python 2 and 3 compatibility utilities"
optional = false
python-versions = ">=2.7, !=3.0.*, !=3.1.*, !=3.2.*"
groups = ["main"]
files = [
    {file = "six-1.17.0-py2.py3-none-any.whl", hash = "sha256:4721f391ed90541fddacab5acf947aa0d3dc7d27b2e1e8eda2be8970586c3274"},
    {file = "six-1.17.0.tar.gz", hash = "sha256:ff70335d468e7eb6ec65b95b99d3a2836546063f63acc5171de367e834932a81"},
]

[package.source]
type = "legacy"
url = "https://pypi.pacificclimate.org/simple"
reference = "pcic"

[[package]]
name = "tomli"
version = "2.2.1"
description = "A lil' TOML parser"
optional = false
python-versions = ">=3.8"
groups = ["main"]
markers = "python_version == \"3.10\""
files = [
    {file = "tomli-2.2.1-cp311-cp311-macosx_10_9_x86_64.whl", hash = "sha256:678e4fa69e4575eb77d103de3df8a895e1591b48e740211bd1067378c69e8249"},
    {file = "tomli-2.2.1-cp311-cp311-macosx_11_0_arm64.whl", hash = "sha256:023aa114dd824ade0100497eb2318602af309e5a55595f76b626d6d9f3b7b0a6"},
    {file = "tomli-2.2.1-cp311-cp311-manylinux_2_17_aarch64.manylinux2014_aarch64.whl", hash = "sha256:ece47d672db52ac607a3d9599a9d48dcb2f2f735c6c2d1f34130085bb12b112a"},
    {file = "tomli-2.2.1-cp311-cp311-manylinux_2_17_x86_64.manylinux2014_x86_64.whl", hash = "sha256:6972ca9c9cc9f0acaa56a8ca1ff51e7af152a9f87fb64623e31d5c83700080ee"},
    {file = "tomli-2.2.1-cp311-cp311-manylinux_2_5_i686.manylinux1_i686.manylinux_2_17_i686.manylinux2014_i686.whl", hash = "sha256:c954d2250168d28797dd4e3ac5cf812a406cd5a92674ee4c8f123c889786aa8e"},
    {file = "tomli-2.2.1-cp311-cp311-musllinux_1_2_aarch64.whl", hash = "sha256:8dd28b3e155b80f4d54beb40a441d366adcfe740969820caf156c019fb5c7ec4"},
    {file = "tomli-2.2.1-cp311-cp311-musllinux_1_2_i686.whl", hash = "sha256:e59e304978767a54663af13c07b3d1af22ddee3bb2fb0618ca1593e4f593a106"},
    {file = "tomli-2.2.1-cp311-cp311-musllinux_1_2_x86_64.whl", hash = "sha256:33580bccab0338d00994d7f16f4c4ec25b776af3ffaac1ed74e0b3fc95e885a8"},
    {file = "tomli-2.2.1-cp311-cp311-win32.whl", hash = "sha256:465af0e0875402f1d226519c9904f37254b3045fc5084697cefb9bdde1ff99ff"},
    {file = "tomli-2.2.1-cp311-cp311-win_amd64.whl", hash = "sha256:2d0f2fdd22b02c6d81637a3c95f8cd77f995846af7414c5c4b8d0545afa1bc4b"},
    {file = "tomli-2.2.1-cp312-cp312-macosx_10_13_x86_64.whl", hash = "sha256:4a8f6e44de52d5e6c657c9fe83b562f5f4256d8ebbfe4ff922c495620a7f6cea"},
    {file = "tomli-2.2.1-cp312-cp312-macosx_11_0_arm64.whl", hash = "sha256:8d57ca8095a641b8237d5b079147646153d22552f1c637fd3ba7f4b0b29167a8"},
    {file = "tomli-2.2.1-cp312-cp312-manylinux_2_17_aarch64.manylinux2014_aarch64.whl", hash = "sha256:4e340144ad7ae1533cb897d406382b4b6fede8890a03738ff1683af800d54192"},
    {file = "tomli-2.2.1-cp312-cp312-manylinux_2_17_x86_64.manylinux2014_x86_64.whl", hash = "sha256:db2b95f9de79181805df90bedc5a5ab4c165e6ec3fe99f970d0e302f384ad222"},
    {file = "tomli-2.2.1-cp312-cp312-manylinux_2_5_i686.manylinux1_i686.manylinux_2_17_i686.manylinux2014_i686.whl", hash = "sha256:40741994320b232529c802f8bc86da4e1aa9f413db394617b9a256ae0f9a7f77"},
    {file = "tomli-2.2.1-cp312-cp312-musllinux_1_2_aarch64.whl", hash = "sha256:400e720fe168c0f8521520190686ef8ef033fb19fc493da09779e592861b78c6"},
    {file = "tomli-2.2.1-cp312-cp312-musllinux_1_2_i686.whl", hash = "sha256:02abe224de6ae62c19f090f68da4e27b10af2b93213d36cf44e6e1c5abd19fdd"},
    {file = "tomli-2.2.1-cp312-cp312-musllinux_1_2_x86_64.whl", hash = "sha256:b82ebccc8c8a36f2094e969560a1b836758481f3dc360ce9a3277c65f374285e"},
    {file = "tomli-2.2.1-cp312-cp312-win32.whl", hash = "sha256:889f80ef92701b9dbb224e49ec87c645ce5df3fa2cc548664eb8a25e03127a98"},
    {file = "tomli-2.2.1-cp312-cp312-win_amd64.whl", hash = "sha256:7fc04e92e1d624a4a63c76474610238576942d6b8950a2d7f908a340494e67e4"},
    {file = "tomli-2.2.1-cp313-cp313-macosx_10_13_x86_64.whl", hash = "sha256:f4039b9cbc3048b2416cc57ab3bda989a6fcf9b36cf8937f01a6e731b64f80d7"},
    {file = "tomli-2.2.1-cp313-cp313-macosx_11_0_arm64.whl", hash = "sha256:286f0ca2ffeeb5b9bd4fcc8d6c330534323ec51b2f52da063b11c502da16f30c"},
    {file = "tomli-2.2.1-cp313-cp313-manylinux_2_17_aarch64.manylinux2014_aarch64.whl", hash = "sha256:a92ef1a44547e894e2a17d24e7557a5e85a9e1d0048b0b5e7541f76c5032cb13"},
    {file = "tomli-2.2.1-cp313-cp313-manylinux_2_17_x86_64.manylinux2014_x86_64.whl", hash = "sha256:9316dc65bed1684c9a98ee68759ceaed29d229e985297003e494aa825ebb0281"},
    {file = "tomli-2.2.1-cp313-cp313-manylinux_2_5_i686.manylinux1_i686.manylinux_2_17_i686.manylinux2014_i686.whl", hash = "sha256:e85e99945e688e32d5a35c1ff38ed0b3f41f43fad8df0bdf79f72b2ba7bc5272"},
    {file = "tomli-2.2.1-cp313-cp313-musllinux_1_2_aarch64.whl", hash = "sha256:ac065718db92ca818f8d6141b5f66369833d4a80a9d74435a268c52bdfa73140"},
    {file = "tomli-2.2.1-cp313-cp313-musllinux_1_2_i686.whl", hash = "sha256:d920f33822747519673ee656a4b6ac33e382eca9d331c87770faa3eef562aeb2"},
    {file = "tomli-2.2.1-cp313-cp313-musllinux_1_2_x86_64.whl", hash = "sha256:a198f10c4d1b1375d7687bc25294306e551bf1abfa4eace6650070a5c1ae2744"},
    {file = "tomli-2.2.1-cp313-cp313-win32.whl", hash = "sha256:d3f5614314d758649ab2ab3a62d4f2004c825922f9e370b29416484086b264ec"},
    {file = "tomli-2.2.1-cp313-cp313-win_amd64.whl", hash = "sha256:a38aa0308e754b0e3c67e344754dff64999ff9b513e691d0e786265c93583c69"},
    {file = "tomli-2.2.1-py3-none-any.whl", hash = "sha256:cb55c73c5f4408779d0cf3eef9f762b9c9f147a77de7b258bef0a5628adc85cc"},
    {file = "tomli-2.2.1.tar.gz", hash = "sha256:cd45e1dc79c835ce60f7404ec8119f2eb06d38b1deba146f07ced3bbc44505ff"},
]

[package.source]
type = "legacy"
url = "https://pypi.pacificclimate.org/simple"
reference = "pcic"

[metadata]
lock-version = "2.1"
python-versions = ">=3.10"
content-hash = "2f4ad4d58267034ee07fb03b44e53f60d44a47e4b0bd2427d143093fb960f89d"
